{
    "_readme": [
        "This file locks the dependencies of your project to a known state",
        "Read more about it at http://getcomposer.org/doc/01-basic-usage.md#composer-lock-the-lock-file",
        "This file is @generated automatically"
    ],
    "hash": "dee35ad66c7d8c048b952acd4ebfbcc9",
    "packages": [],
    "packages-dev": [
        {
            "name": "hackpack/hacktions",
            "version": "v1.1.1",
            "source": {
                "type": "git",
                "url": "https://github.com/HackPack/hacktions.git",
                "reference": "b360f603956749ab2b920bbeef0708ce0a87ae7c"
            },
            "dist": {
                "type": "zip",
                "url": "https://api.github.com/repos/HackPack/hacktions/zipball/b360f603956749ab2b920bbeef0708ce0a87ae7c",
                "reference": "b360f603956749ab2b920bbeef0708ce0a87ae7c",
                "shasum": ""
            },
            "require-dev": {
                "hackpack/hackunit": "dev-master"
            },
            "type": "library",
            "autoload": {
                "psr-4": {
                    "HackPack\\Hacktions\\": ""
                }
            },
            "notification-url": "https://packagist.org/downloads/",
            "license": [
                "MIT"
            ],
            "authors": [
                {
                    "name": "Brian",
                    "email": "scaturrob@gmail.com",
                    "homepage": "http://brianscaturro.com",
                    "role": "Lead"
                },
                {
                    "name": "Ryan Plas",
                    "email": "plasmamars@gmail.com",
                    "homepage": "http://ryanplas.com",
                    "role": "lead"
                }
            ],
            "description": "Event library written in hacklang",
            "keywords": [
                "events",
                "hack",
                "hhvm"
            ],
            "time": "2014-05-21 03:03:41"
        },
        {
            "name": "hackpack/hackunit",
            "version": "v0.3.1",
            "source": {
                "type": "git",
                "url": "https://github.com/HackPack/HackUnit.git",
                "reference": "a9e16fb54bf1d3eff7e14b9a79b8f98296c39fe8"
            },
            "dist": {
                "type": "zip",
                "url": "https://api.github.com/repos/HackPack/HackUnit/zipball/a9e16fb54bf1d3eff7e14b9a79b8f98296c39fe8",
                "reference": "a9e16fb54bf1d3eff7e14b9a79b8f98296c39fe8",
                "shasum": ""
            },
            "require": {
                "hackpack/hacktions": "v1.1.1"
            },
            "bin": [
                "bin/hackunit"
            ],
            "type": "library",
            "autoload": {
                "psr-4": {
                    "HackPack\\HackUnit\\": ""
                }
            },
            "notification-url": "https://packagist.org/downloads/",
            "license": [
                "MIT"
            ],
            "authors": [
                {
                    "name": "Brian Scaturro",
                    "email": "scaturrob@gmail.com",
                    "homepage": "http://brianscaturro.com",
                    "role": "lead"
                }
            ],
            "description": "xUnit library for hacklang written in strict mode",
            "keywords": [
                "hack",
                "hhvm",
                "testing",
                "xunit"
            ],
            "time": "2014-07-29 16:31:22"
        }
    ],
    "aliases": [],
    "minimum-stability": "stable",
    "stability-flags": [],
    "prefer-stable": false,
    "platform": [],
    "platform-dev": []
}
